
Microsoft Visual Studio Solution File, Format Version 12.00
# Visual Studio Version 17
VisualStudioVersion = 17.14.36518.9 d17.14
MinimumVisualStudioVersion = 10.0.40219.1
Project("{FAE04EC0-301F-11D3-BF4B-00C04F79EFBC}") = "okr_lab2", "okr_lab2\okr_lab2.csproj", "{83DB5225-F6FA-47A2-85BE-58EF785ABC85}"
EndProject
Global
	GlobalSection(SolutionConfigurationPlatforms) = preSolution
		Debug|Any CPU = Debug|Any CPU
		Release|Any CPU = Release|Any CPU
	EndGlobalSection
	GlobalSection(ProjectConfigurationPlatforms) = postSolution
		{83DB5225-F6FA-47A2-85BE-58EF785ABC85}.Debug|Any CPU.ActiveCfg = Debug|Any CPU
		{83DB5225-F6FA-47A2-85BE-58EF785ABC85}.Debug|Any CPU.Build.0 = Debug|Any CPU
		{83DB5225-F6FA-47A2-85BE-58EF785ABC85}.Release|Any CPU.ActiveCfg = Release|Any CPU
		{83DB5225-F6FA-47A2-85BE-58EF785ABC85}.Release|Any CPU.Build.0 = Release|Any CPU
	EndGlobalSection
	GlobalSection(SolutionProperties) = preSolution
		HideSolutionNode = FALSE
	EndGlobalSection
	GlobalSection(ExtensibilityGlobals) = postSolution
		SolutionGuid = {DDF760E4-4EB8-4508-ABDC-0656E4D3AB1D}
	EndGlobalSection
EndGlobal
